{
  "lockfileVersion": 1,
  "workspaces": {
    "": {
      "name": "tree-sitter-tsz",
      "dependencies": {
        "tree-sitter-cli": "^0.25.1",
        "tree-sitter-typescript": "^0.23.2",
      },
      "devDependencies": {
        "@types/bun": "latest",
      },
    },
  },
  "packages": {
    "@types/bun": ["@types/bun@1.2.2", "", { "dependencies": { "bun-types": "1.2.2" } }, "sha512-tr74gdku+AEDN5ergNiBnplr7hpDp3V1h7fqI2GcR/rsUaM39jpSeKH0TFibRvU0KwniRx5POgaYnaXbk0hU+w=="],

    "@types/node": ["@types/node@22.13.1", "", { "dependencies": { "undici-types": "~6.20.0" } }, "sha512-jK8uzQlrvXqEU91UxiK5J7pKHyzgnI1Qnl0QDHIgVGuolJhRb9EEl28Cj9b3rGR8B2lhFCtvIm5os8lFnO/1Ew=="],

    "@types/ws": ["@types/ws@8.5.14", "", { "dependencies": { "@types/node": "*" } }, "sha512-bd/YFLW+URhBzMXurx7lWByOu+xzU9+kb3RboOteXYDfW+tr+JZa99OyNmPINEGB/ahzKrEuc8rcv4gnpJmxTw=="],

    "bun-types": ["bun-types@1.2.2", "", { "dependencies": { "@types/node": "*", "@types/ws": "~8.5.10" } }, "sha512-RCbMH5elr9gjgDGDhkTTugA21XtJAy/9jkKe/G3WR2q17VPGhcquf9Sir6uay9iW+7P/BV0CAHA1XlHXMAVKHg=="],

    "node-addon-api": ["node-addon-api@8.3.0", "", {}, "sha512-8VOpLHFrOQlAH+qA0ZzuGRlALRA6/LVh8QJldbrC4DY0hXoMP0l4Acq8TzFC018HztWiRqyCEj2aTWY2UvnJUg=="],

    "node-gyp-build": ["node-gyp-build@4.8.4", "", { "bin": { "node-gyp-build": "bin.js", "node-gyp-build-optional": "optional.js", "node-gyp-build-test": "build-test.js" } }, "sha512-LA4ZjwlnUblHVgq0oBF3Jl/6h/Nvs5fzBLwdEF4nuxnFdsfajde4WfxtJr3CaiH+F6ewcIB/q4jQ4UzPyid+CQ=="],

    "tree-sitter-cli": ["tree-sitter-cli@0.25.1", "", { "bin": { "tree-sitter": "cli.js" } }, "sha512-lSPYp/fs0trQHSn0UsptFNKuD9wO+DKiX1UgrNt+pg+vfvQVUGXRPd0vc6ikkpY3i616j9dNTDja2JWGbmjC+Q=="],

    "tree-sitter-javascript": ["tree-sitter-javascript@0.23.1", "", { "dependencies": { "node-addon-api": "^8.2.2", "node-gyp-build": "^4.8.2" }, "peerDependencies": { "tree-sitter": "^0.21.1" }, "optionalPeers": ["tree-sitter"] }, "sha512-/bnhbrTD9frUYHQTiYnPcxyHORIw157ERBa6dqzaKxvR/x3PC4Yzd+D1pZIMS6zNg2v3a8BZ0oK7jHqsQo9fWA=="],

    "tree-sitter-typescript": ["tree-sitter-typescript@0.23.2", "", { "dependencies": { "node-addon-api": "^8.2.2", "node-gyp-build": "^4.8.2", "tree-sitter-javascript": "^0.23.1" }, "peerDependencies": { "tree-sitter": "^0.21.0" }, "optionalPeers": ["tree-sitter"] }, "sha512-e04JUUKxTT53/x3Uq1zIL45DoYKVfHH4CZqwgZhPg5qYROl5nQjV+85ruFzFGZxu+QeFVbRTPDRnqL9UbU4VeA=="],

    "undici-types": ["undici-types@6.20.0", "", {}, "sha512-Ny6QZ2Nju20vw1SRHe3d9jVu6gJ+4e3+MMpqu7pqE5HT6WsTSlce++GQmK5UXS8mzV8DSYHrQH+Xrf2jVcuKNg=="],
  }
}
